{
    "_meta": {
        "hash": {
            "sha256": "2f354eaddecf43134b8d5a1609be109224aa91a1bfa02eb661d752046ed64bac"
        },
        "pipfile-spec": 6,
        "requires": {
            "python_version": "3.6"
        },
        "sources": [
            {
                "name": "pypi-org",
                "url": "https://pypi.org/simple",
                "verify_ssl": true
            }
        ]
    },
    "default": {
        "daiquiri": {
            "hashes": [
                "sha256:0d5bf9c5719fbca4928dc2a882c165cd2b5c81be28f7f1626ced04c1c6b4aae2",
                "sha256:236183ba51f35f4ae0e23fd20119d0fa082995c08d77bd562dbc00ea8f504bf6"
            ],
            "index": "pypi-org",
            "version": "==2.1.1"
        },
        "python-json-logger": {
            "hashes": [
                "sha256:b7a31162f2a01965a5efb94453ce69230ed208468b0bbc7fdfc56e6d8df2e281"
            ],
            "version": "==0.1.11"
        }
    },
    "develop": {}
}
