{
    "_meta": {
        "hash": {
            "sha256": "860b9389a5af8e82d588e6cc9e50d80712e3554791cf93ea54b8475ec2cc3ee6"
        },
        "pipfile-spec": 6,
        "requires": {
            "python_version": "3.8"
        },
        "sources": [
            {
                "name": "pypi",
                "url": "https://pypi.org/simple",
                "verify_ssl": true
            }
        ]
    },
    "default": {
        "cowsay": {
            "hashes": [
                "sha256:93bf7695c179ff8c93ea5cb1d0d4a895c30c6756087da8cb1deb4165f4fc8c24"
            ],
            "index": "pypi",
            "version": "==1.0"
        }
    },
    "develop": {}
}
