{
    "_meta": {
        "hash": {
            "sha256": "b67d32271c1e145dc0e24740693f6d5205e18188c4e797131ac9fe2fecb6043f"
        },
        "pipfile-spec": 6,
        "requires": {
            "python_version": "3.8"
        },
        "sources": [
            {
                "name": "pypi",
                "url": "https://pypi.org/simple",
                "verify_ssl": true
            }
        ]
    },
    "default": {
        "cowsay": {
            "hashes": [
                "sha256:c00e02444f5bc7332826686bd44d963caabbaba9a804a63153822edce62bbbf3"
            ],
            "index": "pypi",
            "version": "==5.0"
        }
    },
    "develop": {}
}
